// !$*UTF8*$!
{
	archiveVersion = 1;
	classes = {
	};
	objectVersion = 46;
	objects = {

/* Begin PBXBuildFile section */
		8E476CDA1D84AB66000EE97A /* main.m in Sources */ = {isa = PBXBuildFile; fileRef = 8E476CD91D84AB66000EE97A /* main.m */; };
		8E476CDD1D84AB66000EE97A /* AppDelegate.m in Sources */ = {isa = PBXBuildFile; fileRef = 8E476CDC1D84AB66000EE97A /* AppDelegate.m */; };
		8E476CE01D84AB66000EE97A /* ViewController.m in Sources */ = {isa = PBXBuildFile; fileRef = 8E476CDF1D84AB66000EE97A /* ViewController.m */; };
		8E476CE31D84AB66000EE97A /* Main.storyboard in Resources */ = {isa = PBXBuildFile; fileRef = 8E476CE11D84AB66000EE97A /* Main.storyboard */; };
		8E476CE51D84AB66000EE97A /* Assets.xcassets in Resources */ = {isa = PBXBuildFile; fileRef = 8E476CE41D84AB66000EE97A /* Assets.xcassets */; };
		8E476CE81D84AB66000EE97A /* LaunchScreen.storyboard in Resources */ = {isa = PBXBuildFile; fileRef = 8E476CE61D84AB66000EE97A /* LaunchScreen.storyboard */; };
		D7CBF3BF0BC423D3C4FAB359 /* libPods-How Far Am I.a in Frameworks */ = {isa = PBXBuildFile; fileRef = CE714318205937222817CD96 /* libPods-How Far Am I.a */; };
/* End PBXBuildFile section */

/* Begin PBXFileReference section */
		8E476CD51D84AB66000EE97A /* How Far Am I.app */ = {isa = PBXFileReference; explicitFileType = wrapper.application; includeInIndex = 0; path = "How Far Am I.app"; sourceTree = BUILT_PRODUCTS_DIR; };
		8E476CD91D84AB66000EE97A /* main.m */ = {isa = PBXFileReference; lastKnownFileType = sourcecode.c.objc; path = main.m; sourceTree = "<group>"; };
		8E476CDB1D84AB66000EE97A /* AppDelegate.h */ = {isa = PBXFileReference; lastKnownFileType = sourcecode.c.h; path = AppDelegate.h; sourceTree = "<group>"; };
		8E476CDC1D84AB66000EE97A /* AppDelegate.m */ = {isa = PBXFileReference; lastKnownFileType = sourcecode.c.objc; path = AppDelegate.m; sourceTree = "<group>"; };
		8E476CDE1D84AB66000EE97A /* ViewController.h */ = {isa = PBXFileReference; lastKnownFileType = sourcecode.c.h; path = ViewController.h; sourceTree = "<group>"; };
		8E476CDF1D84AB66000EE97A /* ViewController.m */ = {isa = PBXFileReference; lastKnownFileType = sourcecode.c.objc; path = ViewController.m; sourceTree = "<group>"; };
		8E476CE21D84AB66000EE97A /* Base */ = {isa = PBXFileReference; lastKnownFileType = file.storyboard; name = Base; path = Base.lproj/Main.storyboard; sourceTree = "<group>"; };
		8E476CE41D84AB66000EE97A /* Assets.xcassets */ = {isa = PBXFileReference; lastKnownFileType = folder.assetcatalog; path = Assets.xcassets; sourceTree = "<group>"; };
		8E476CE71D84AB66000EE97A /* Base */ = {isa = PBXFileReference; lastKnownFileType = file.storyboard; name = Base; path = Base.lproj/LaunchScreen.storyboard; sourceTree = "<group>"; };
		8E476CE91D84AB66000EE97A /* Info.plist */ = {isa = PBXFileReference; lastKnownFileType = text.plist.xml; path = Info.plist; sourceTree = "<group>"; };
		B774D8DF485F8A4BECDEBCA4 /* Pods-How Far Am I.debug.xcconfig */ = {isa = PBXFileReference; includeInIndex = 1; lastKnownFileType = text.xcconfig; name = "Pods-How Far Am I.debug.xcconfig"; path = "Pods/Target Support Files/Pods-How Far Am I/Pods-How Far Am I.debug.xcconfig"; sourceTree = "<group>"; };
		CE714318205937222817CD96 /* libPods-How Far Am I.a */ = {isa = PBXFileReference; explicitFileType = archive.ar; includeInIndex = 0; path = "libPods-How Far Am I.a"; sourceTree = BUILT_PRODUCTS_DIR; };
		DB452BAEC91E317A41F1A07A /* Pods-How Far Am I.release.xcconfig */ = {isa = PBXFileReference; includeInIndex = 1; lastKnownFileType = text.xcconfig; name = "Pods-How Far Am I.release.xcconfig"; path = "Pods/Target Support Files/Pods-How Far Am I/Pods-How Far Am I.release.xcconfig"; sourceTree = "<group>"; };
/* End PBXFileReference section */

/* Begin PBXFrameworksBuildPhase section */
		8E476CD21D84AB66000EE97A /* Frameworks */ = {
			isa = PBXFrameworksBuildPhase;
			buildActionMask = 2147483647;
			files = (
				D7CBF3BF0BC423D3C4FAB359 /* libPods-How Far Am I.a in Frameworks */,
			);
			runOnlyForDeploymentPostprocessing = 0;
		};
/* End PBXFrameworksBuildPhase section */

/* Begin PBXGroup section */
		3FCF13F5069DEF62A405F514 /* Frameworks */ = {
			isa = PBXGroup;
			children = (
				CE714318205937222817CD96 /* libPods-How Far Am I.a */,
			);
			name = Frameworks;
			sourceTree = "<group>";
		};
		8E476CCC1D84AB66000EE97A = {
			isa = PBXGroup;
			children = (
				8E476CD71D84AB66000EE97A /* How Far Am I */,
				8E476CD61D84AB66000EE97A /* Products */,
				E377718735649D9793C85CBD /* Pods */,
				3FCF13F5069DEF62A405F514 /* Frameworks */,
			);
			sourceTree = "<group>";
		};
		8E476CD61D84AB66000EE97A /* Products */ = {
			isa = PBXGroup;
			children = (
				8E476CD51D84AB66000EE97A /* How Far Am I.app */,
			);
			name = Products;
			sourceTree = "<group>";
		};
		8E476CD71D84AB66000EE97A /* How Far Am I */ = {
			isa = PBXGroup;
			children = (
				8E476CDB1D84AB66000EE97A /* AppDelegate.h */,
				8E476CDC1D84AB66000EE97A /* AppDelegate.m */,
				8E476CDE1D84AB66000EE97A /* ViewController.h */,
				8E476CDF1D84AB66000EE97A /* ViewController.m */,
				8E476CE11D84AB66000EE97A /* Main.storyboard */,
				8E476CE41D84AB66000EE97A /* Assets.xcassets */,
				8E476CE61D84AB66000EE97A /* LaunchScreen.storyboard */,
				8E476CE91D84AB66000EE97A /* Info.plist */,
				8E476CD81D84AB66000EE97A /* Supporting Files */,
			);
			path = "How Far Am I";
			sourceTree = "<group>";
		};
		8E476CD81D84AB66000EE97A /* Supporting Files */ = {
			isa = PBXGroup;
			children = (
				8E476CD91D84AB66000EE97A /* main.m */,
			);
			name = "Supporting Files";
			sourceTree = "<group>";
		};
		E377718735649D9793C85CBD /* Pods */ = {
			isa = PBXGroup;
			children = (
				B774D8DF485F8A4BECDEBCA4 /* Pods-How Far Am I.debug.xcconfig */,
				DB452BAEC91E317A41F1A07A /* Pods-How Far Am I.release.xcconfig */,
			);
			name = Pods;
			sourceTree = "<group>";
		};
/* End PBXGroup section */

/* Begin PBXNativeTarget section */
		8E476CD41D84AB66000EE97A /* How Far Am I */ = {
			isa = PBXNativeTarget;
			buildConfigurationList = 8E476CEC1D84AB66000EE97A /* Build configuration list for PBXNativeTarget "How Far Am I" */;
			buildPhases = (
				E0B0D90D4E6A08B8E0805C8D /* [CP] Check Pods Manifest.lock */,
				8E476CD11D84AB66000EE97A /* Sources */,
				8E476CD21D84AB66000EE97A /* Frameworks */,
				8E476CD31D84AB66000EE97A /* Resources */,
				9B82C4F48F5744EB69BA7851 /* [CP] Embed Pods Frameworks */,
				0164475A0425A6C1CB84154E /* [CP] Copy Pods Resources */,
			);
			buildRules = (
			);
			dependencies = (
			);
			name = "How Far Am I";
			productName = "How Far Am I";
			productReference = 8E476CD51D84AB66000EE97A /* How Far Am I.app */;
			productType = "com.apple.product-type.application";
		};
/* End PBXNativeTarget section */

/* Begin PBXProject section */
		8E476CCD1D84AB66000EE97A /* Project object */ = {
			isa = PBXProject;
			attributes = {
				LastUpgradeCheck = 0730;
				ORGANIZATIONNAME = "Gordon Seto";
				TargetAttributes = {
					8E476CD41D84AB66000EE97A = {
						CreatedOnToolsVersion = 7.3.1;
					};
				};
			};
			buildConfigurationList = 8E476CD01D84AB66000EE97A /* Build configuration list for PBXProject "How Far Am I" */;
			compatibilityVersion = "Xcode 3.2";
			developmentRegion = English;
			hasScannedForEncodings = 0;
			knownRegions = (
				en,
				Base,
			);
			mainGroup = 8E476CCC1D84AB66000EE97A;
			productRefGroup = 8E476CD61D84AB66000EE97A /* Products */;
			projectDirPath = "";
			projectRoot = "";
			targets = (
				8E476CD41D84AB66000EE97A /* How Far Am I */,
			);
		};
/* End PBXProject section */

/* Begin PBXResourcesBuildPhase section */
		8E476CD31D84AB66000EE97A /* Resources */ = {
			isa = PBXResourcesBuildPhase;
			buildActionMask = 2147483647;
			files = (
				8E476CE81D84AB66000EE97A /* LaunchScreen.storyboard in Resources */,
				8E476CE51D84AB66000EE97A /* Assets.xcassets in Resources */,
				8E476CE31D84AB66000EE97A /* Main.storyboard in Resources */,
			);
			runOnlyForDeploymentPostprocessing = 0;
		};
/* End PBXResourcesBuildPhase section */

/* Begin PBXShellScriptBuildPhase section */
		0164475A0425A6C1CB84154E /* [CP] Copy Pods Resources */ = {
			isa = PBXShellScriptBuildPhase;
			buildActionMask = 2147483647;
			files = (
			);
			inputPaths = (
			);
			name = "[CP] Copy Pods Resources";
			outputPaths = (
			);
			runOnlyForDeploymentPostprocessing = 0;
			shellPath = /bin/sh;
			shellScript = "\"${SRCROOT}/Pods/Target Support Files/Pods-How Far Am I/Pods-How Far Am I-resources.sh\"\n";
			showEnvVarsInLog = 0;
		};
		9B82C4F48F5744EB69BA7851 /* [CP] Embed Pods Frameworks */ = {
			isa = PBXShellScriptBuildPhase;
			buildActionMask = 2147483647;
			files = (
			);
			inputPaths = (
			);
			name = "[CP] Embed Pods Frameworks";
			outputPaths = (
			);
			runOnlyForDeploymentPostprocessing = 0;
			shellPath = /bin/sh;
			shellScript = "\"${SRCROOT}/Pods/Target Support Files/Pods-How Far Am I/Pods-How Far Am I-frameworks.sh\"\n";
			showEnvVarsInLog = 0;
		};
		E0B0D90D4E6A08B8E0805C8D /* [CP] Check Pods Manifest.lock */ = {
			isa = PBXShellScriptBuildPhase;
			buildActionMask = 2147483647;
			files = (
			);
			inputPaths = (
			);
			name = "[CP] Check Pods Manifest.lock";
			outputPaths = (
			);
			runOnlyForDeploymentPostprocessing = 0;
			shellPath = /bin/sh;
			shellScript = "diff \"${PODS_ROOT}/../Podfile.lock\" \"${PODS_ROOT}/Manifest.lock\" > /dev/null\nif [[ $? != 0 ]] ; then\n    cat << EOM\nerror: The sandbox is not in sync with the Podfile.lock. Run 'pod install' or update your CocoaPods installation.\nEOM\n    exit 1\nfi\n";
			showEnvVarsInLog = 0;
		};
/* End PBXShellScriptBuildPhase section */

/* Begin PBXSourcesBuildPhase section */
		8E476CD11D84AB66000EE97A /* Sources */ = {
			isa = PBXSourcesBuildPhase;
			buildActionMask = 2147483647;
			files = (
				8E476CE01D84AB66000EE97A /* ViewController.m in Sources */,
				8E476CDD1D84AB66000EE97A /* AppDelegate.m in Sources */,
				8E476CDA1D84AB66000EE97A /* main.m in Sources */,
			);
			runOnlyForDeploymentPostprocessing = 0;
		};
/* End PBXSourcesBuildPhase section */

/* Begin PBXVariantGroup section */
		8E476CE11D84AB66000EE97A /* Main.storyboard */ = {
			isa = PBXVariantGroup;
			children = (
				8E476CE21D84AB66000EE97A /* Base */,
			);
			name = Main.storyboard;
			sourceTree = "<group>";
		};
		8E476CE61D84AB66000EE97A /* LaunchScreen.storyboard */ = {
			isa = PBXVariantGroup;
			children = (
				8E476CE71D84AB66000EE97A /* Base */,
			);
			name = LaunchScreen.storyboard;
			sourceTree = "<group>";
		};
/* End PBXVariantGroup section */

/* Begin XCBuildConfiguration section */
		8E476CEA1D84AB66000EE97A /* Debug */ = {
			isa = XCBuildConfiguration;
			buildSettings = {
				ALWAYS_SEARCH_USER_PATHS = NO;
				CLANG_ANALYZER_NONNULL = YES;
				CLANG_CXX_LANGUAGE_STANDARD = "gnu++0x";
				CLANG_CXX_LIBRARY = "libc++";
				CLANG_ENABLE_MODULES = YES;
				CLANG_ENABLE_OBJC_ARC = YES;
				CLANG_WARN_BOOL_CONVERSION = YES;
				CLANG_WARN_CONSTANT_CONVERSION = YES;
				CLANG_WARN_DIRECT_OBJC_ISA_USAGE = YES_ERROR;
				CLANG_WARN_EMPTY_BODY = YES;
				CLANG_WARN_ENUM_CONVERSION = YES;
				CLANG_WARN_INT_CONVERSION = YES;
				CLANG_WARN_OBJC_ROOT_CLASS = YES_ERROR;
				CLANG_WARN_UNREACHABLE_CODE = YES;
				CLANG_WARN__DUPLICATE_METHOD_MATCH = YES;
				"CODE_SIGN_IDENTITY[sdk=iphoneos*]" = "iPhone Developer";
				COPY_PHASE_STRIP = NO;
				DEBUG_INFORMATION_FORMAT = dwarf;
				ENABLE_STRICT_OBJC_MSGSEND = YES;
				ENABLE_TESTABILITY = YES;
				GCC_C_LANGUAGE_STANDARD = gnu99;
				GCC_DYNAMIC_NO_PIC = NO;
				GCC_NO_COMMON_BLOCKS = YES;
				GCC_OPTIMIZATION_LEVEL = 0;
				GCC_PREPROCESSOR_DEFINITIONS = (
					"DEBUG=1",
					"$(inherited)",
				);
				GCC_WARN_64_TO_32_BIT_CONVERSION = YES;
				GCC_WARN_ABOUT_RETURN_TYPE = YES_ERROR;
				GCC_WARN_UNDECLARED_SELECTOR = YES;
				GCC_WARN_UNINITIALIZED_AUTOS = YES_AGGRESSIVE;
				GCC_WARN_UNUSED_FUNCTION = YES;
				GCC_WARN_UNUSED_VARIABLE = YES;
				IPHONEOS_DEPLOYMENT_TARGET = 9.3;
				MTL_ENABLE_DEBUG_INFO = YES;
				ONLY_ACTIVE_ARCH = YES;
				SDKROOT = iphoneos;
			};
			name = Debug;
		};
		8E476CEB1D84AB66000EE97A /* Release */ = {
			isa = XCBuildConfiguration;
			buildSettings = {
				ALWAYS_SEARCH_USER_PATHS = NO;
				CLANG_ANALYZER_NONNULL = YES;
				CLANG_CXX_LANGUAGE_STANDARD = "gnu++0x";
				CLANG_CXX_LIBRARY = "libc++";
				CLANG_ENABLE_MODULES = YES;
				CLANG_ENABLE_OBJC_ARC = YES;
				CLANG_WARN_BOOL_CONVERSION = YES;
				CLANG_WARN_CONSTANT_CONVERSION = YES;
				CLANG_WARN_DIRECT_OBJC_ISA_USAGE = YES_ERROR;
				CLANG_WARN_EMPTY_BODY = YES;
				CLANG_WARN_ENUM_CONVERSION = YES;
				CLANG_WARN_INT_CONVERSION = YES;
				CLANG_WARN_OBJC_ROOT_CLASS = YES_ERROR;
				CLANG_WARN_UNREACHABLE_CODE = YES;
				CLANG_WARN__DUPLICATE_METHOD_MATCH = YES;
				"CODE_SIGN_IDENTITY[sdk=iphoneos*]" = "iPhone Developer";
				COPY_PHASE_STRIP = NO;
				DEBUG_INFORMATION_FORMAT = "dwarf-with-dsym";
				ENABLE_NS_ASSERTIONS = NO;
				ENABLE_STRICT_OBJC_MSGSEND = YES;
				GCC_C_LANGUAGE_STANDARD = gnu99;
				GCC_NO_COMMON_BLOCKS = YES;
				GCC_WARN_64_TO_32_BIT_CONVERSION = YES;
				GCC_WARN_ABOUT_RETURN_TYPE = YES_ERROR;
				GCC_WARN_UNDECLARED_SELECTOR = YES;
				GCC_WARN_UNINITIALIZED_AUTOS = YES_AGGRESSIVE;
				GCC_WARN_UNUSED_FUNCTION = YES;
				GCC_WARN_UNUSED_VARIABLE = YES;
				IPHONEOS_DEPLOYMENT_TARGET = 9.3;
				MTL_ENABLE_DEBUG_INFO = NO;
				SDKROOT = iphoneos;
				VALIDATE_PRODUCT = YES;
			};
			name = Release;
		};
		8E476CED1D84AB66000EE97A /* Debug */ = {
			isa = XCBuildConfiguration;
			baseConfigurationReference = B774D8DF485F8A4BECDEBCA4 /* Pods-How Far Am I.debug.xcconfig */;
			buildSettings = {
				ASSETCATALOG_COMPILER_APPICON_NAME = AppIcon;
				INFOPLIST_FILE = "How Far Am I/Info.plist";
				LD_RUNPATH_SEARCH_PATHS = "$(inherited) @executable_path/Frameworks";
				PRODUCT_BUNDLE_IDENTIFIER = "com.gordonseto.How-Far-Am-I";
				PRODUCT_NAME = "$(TARGET_NAME)";
			};
			name = Debug;
		};
		8E476CEE1D84AB66000EE97A /* Release */ = {
			isa = XCBuildConfiguration;
			baseConfigurationReference = DB452BAEC91E317A41F1A07A /* Pods-How Far Am I.release.xcconfig */;
			buildSettings = {
				ASSETCATALOG_COMPILER_APPICON_NAME = AppIcon;
				INFOPLIST_FILE = "How Far Am I/Info.plist";
				LD_RUNPATH_SEARCH_PATHS = "$(inherited) @executable_path/Frameworks";
				PRODUCT_BUNDLE_IDENTIFIER = "com.gordonseto.How-Far-Am-I";
				PRODUCT_NAME = "$(TARGET_NAME)";
			};
			name = Release;
		};
/* End XCBuildConfiguration section */

/* Begin XCConfigurationList section */
		8E476CD01D84AB66000EE97A /* Build configuration list for PBXProject "How Far Am I" */ = {
			isa = XCConfigurationList;
			buildConfigurations = (
				8E476CEA1D84AB66000EE97A /* Debug */,
				8E476CEB1D84AB66000EE97A /* Release */,
			);
			defaultConfigurationIsVisible = 0;
			defaultConfigurationName = Release;
		};
		8E476CEC1D84AB66000EE97A /* Build configuration list for PBXNativeTarget "How Far Am I" */ = {
			isa = XCConfigurationList;
			buildConfigurations = (
				8E476CED1D84AB66000EE97A /* Debug */,
				8E476CEE1D84AB66000EE97A /* Release */,
			);
			defaultConfigurationIsVisible = 0;
			defaultConfigurationName = Release;
		};
/* End XCConfigurationList section */
	};
	rootObject = 8E476CCD1D84AB66000EE97A /* Project object */;
}
